{
    "name": "create-electron-react-vite-app",
    "version": "0.1.0",
    "lockfileVersion": 3,
    "requires": true,
    "packages": {
        "": {
            "name": "create-electron-react-vite-app",
            "version": "0.1.0",
            "license": "MIT",
            "dependencies": {
                "chalk": "^5.3.0",
                "prompts": "^2.4.2"
            },
            "bin": {
                "create-electron-react-vite-app": "bin/cli.js"
            },
            "devDependencies": {}
        },
        "node_modules/chalk": {
            "version": "5.4.1",
            "resolved": "https://registry.npmmirror.com/chalk/-/chalk-5.4.1.tgz",
            "integrity": "sha512-zgVZuo2WcZgfUEmsn6eO3kINexW8RAE4maiQ8QNs8CtpPCSyMiYsULR3HQYkm3w8FIA3SberyMJMSldGsW+U3w==",
            "license": "MIT",
            "engines": {
                "node": "^12.17.0 || ^14.13 || >=16.0.0"
            },
            "funding": {
                "url": "https://github.com/chalk/chalk?sponsor=1"
            }
        },
        "node_modules/kleur": {
            "version": "3.0.3",
            "resolved": "https://registry.npmmirror.com/kleur/-/kleur-3.0.3.tgz",
            "integrity": "sha512-eTIzlVOSUR+JxdDFepEYcBMtZ9Qqdef+rnzWdRZuMbOywu5tO2w2N7rqjoANZ5k9vywhL6Br1VRjUIgTQx4E8w==",
            "license": "MIT",
            "engines": {
                "node": ">=6"
            }
        },
        "node_modules/prompts": {
            "version": "2.4.2",
            "resolved": "https://registry.npmmirror.com/prompts/-/prompts-2.4.2.tgz",
            "integrity": "sha512-NxNv/kLguCA7p3jE8oL2aEBsrJWgAakBpgmgK6lpPWV+WuOmY6r2/zbAVnP+T8bQlA0nzHXSJSJW0Hq7ylaD2Q==",
            "license": "MIT",
            "dependencies": {
                "kleur": "^3.0.3",
                "sisteransi": "^1.0.5"
            },
            "engines": {
                "node": ">= 6"
            }
        },
        "node_modules/sisteransi": {
            "version": "1.0.5",
            "resolved": "https://registry.npmmirror.com/sisteransi/-/sisteransi-1.0.5.tgz",
            "integrity": "sha512-bLGGlR1QxBcynn2d5YmDX4MGjlZvy2MRBDRNHLJ8VI6l6+9FUiyTFNJ0IveOSP0bcXgVDPRcfGqA0pjaqUpfVg==",
            "license": "MIT"
        }
    }
}
